
Microsoft Visual Studio Solution File, Format Version 12.00
# Visual Studio Version 16
VisualStudioVersion = 16.0.30804.86
MinimumVisualStudioVersion = 10.0.40219.1
Project("{9A19103F-16F7-4668-BE54-9A1E7A4F7556}") = "dhcpd4Client", "dhcp4test\dhcpd4Client.csproj", "{7FC7C028-A0BC-4AE9-A805-9713584E0478}"
EndProject
Project("{9A19103F-16F7-4668-BE54-9A1E7A4F7556}") = "dhcpd4Tests", "dhcpd_arch_test\dhcpd4Tests.csproj", "{1F093292-6F95-413B-8D63-6D23C28B9CC3}"
EndProject
Global
	GlobalSection(SolutionConfigurationPlatforms) = preSolution
		Debug|Any CPU = Debug|Any CPU
		Release|Any CPU = Release|Any CPU
	EndGlobalSection
	GlobalSection(ProjectConfigurationPlatforms) = postSolution
		{7FC7C028-A0BC-4AE9-A805-9713584E0478}.Debug|Any CPU.ActiveCfg = Debug|Any CPU
		{7FC7C028-A0BC-4AE9-A805-9713584E0478}.Debug|Any CPU.Build.0 = Debug|Any CPU
		{7FC7C028-A0BC-4AE9-A805-9713584E0478}.Release|Any CPU.ActiveCfg = Release|Any CPU
		{7FC7C028-A0BC-4AE9-A805-9713584E0478}.Release|Any CPU.Build.0 = Release|Any CPU
		{1F093292-6F95-413B-8D63-6D23C28B9CC3}.Debug|Any CPU.ActiveCfg = Debug|Any CPU
		{1F093292-6F95-413B-8D63-6D23C28B9CC3}.Debug|Any CPU.Build.0 = Debug|Any CPU
		{1F093292-6F95-413B-8D63-6D23C28B9CC3}.Release|Any CPU.ActiveCfg = Release|Any CPU
		{1F093292-6F95-413B-8D63-6D23C28B9CC3}.Release|Any CPU.Build.0 = Release|Any CPU
	EndGlobalSection
	GlobalSection(SolutionProperties) = preSolution
		HideSolutionNode = FALSE
	EndGlobalSection
	GlobalSection(ExtensibilityGlobals) = postSolution
		SolutionGuid = {FC87A6EF-4C44-4277-B550-3FB739C1C0C3}
	EndGlobalSection
EndGlobal
